
Microsoft Visual Studio Solution File, Format Version 12.00
# Visual Studio 15
VisualStudioVersion = 15.0.26730.12
MinimumVisualStudioVersion = 10.0.40219.1
Project("{FAE04EC0-301F-11D3-BF4B-00C04F79EFBC}") = "TodoApp", "TodoApp\TodoApp.csproj", "{300BE7F1-052A-4CBA-AC21-0D5A97635A9E}"
EndProject
Global
	GlobalSection(SolutionConfigurationPlatforms) = preSolution
		Debug|Any CPU = Debug|Any CPU
		Release|Any CPU = Release|Any CPU
	EndGlobalSection
	GlobalSection(ProjectConfigurationPlatforms) = postSolution
		{300BE7F1-052A-4CBA-AC21-0D5A97635A9E}.Debug|Any CPU.ActiveCfg = Debug|Any CPU
		{300BE7F1-052A-4CBA-AC21-0D5A97635A9E}.Debug|Any CPU.Build.0 = Debug|Any CPU
		{300BE7F1-052A-4CBA-AC21-0D5A97635A9E}.Release|Any CPU.ActiveCfg = Release|Any CPU
		{300BE7F1-052A-4CBA-AC21-0D5A97635A9E}.Release|Any CPU.Build.0 = Release|Any CPU
	EndGlobalSection
	GlobalSection(SolutionProperties) = preSolution
		HideSolutionNode = FALSE
	EndGlobalSection
	GlobalSection(ExtensibilityGlobals) = postSolution
		SolutionGuid = {E678DD36-6C42-4C48-B919-26FD0C3F92E2}
	EndGlobalSection
EndGlobal
